// !$*UTF8*$!
{
	archiveVersion = 1;
	classes = {
	};
	objectVersion = 46;
	objects = {

/* Begin PBXBuildFile section */
		1005C16717C159C30054140F /* FNTextField.m in Sources */ = {isa = PBXBuildFile; fileRef = 1005C16617C159C30054140F /* FNTextField.m */; };
		10CCDFF817BEE87500DE1136 /* iAd.framework in Frameworks */ = {isa = PBXBuildFile; fileRef = 10CCDFF717BEE87500DE1136 /* iAd.framework */; };
		10E4AE6116E8F91B00C0311F /* UIKit.framework in Frameworks */ = {isa = PBXBuildFile; fileRef = 10E4AE6016E8F91B00C0311F /* UIKit.framework */; };
		10E4AE6316E8F91B00C0311F /* Foundation.framework in Frameworks */ = {isa = PBXBuildFile; fileRef = 10E4AE6216E8F91B00C0311F /* Foundation.framework */; };
		10E4AE6516E8F91B00C0311F /* CoreGraphics.framework in Frameworks */ = {isa = PBXBuildFile; fileRef = 10E4AE6416E8F91B00C0311F /* CoreGraphics.framework */; };
		10E4AE7116E8F91B00C0311F /* FNAppDelegate.m in Sources */ = {isa = PBXBuildFile; fileRef = 10E4AE7016E8F91B00C0311F /* FNAppDelegate.m */; };
		10E4AE8016E8F91B00C0311F /* FNViewController.m in Sources */ = {isa = PBXBuildFile; fileRef = 10E4AE7F16E8F91B00C0311F /* FNViewController.m */; };
		10FC4EC3170DB79200291762 /* QuartzCore.framework in Frameworks */ = {isa = PBXBuildFile; fileRef = 10FC4EC2170DB79200291762 /* QuartzCore.framework */; };
		8A3DB95B1F8AF676007EDCE1 /* Images.xcassets in Resources */ = {isa = PBXBuildFile; fileRef = 8A3DB9501F8AF66C007EDCE1 /* Images.xcassets */; };
		8A3DB95C1F8AF679007EDCE1 /* InfoPlist.strings in Resources */ = {isa = PBXBuildFile; fileRef = 8A3DB9521F8AF66C007EDCE1 /* InfoPlist.strings */; };
		8A3DB95E1F8AF67C007EDCE1 /* MainStoryboard_iPhone.storyboard in Resources */ = {isa = PBXBuildFile; fileRef = 8A3DB9561F8AF66C007EDCE1 /* MainStoryboard_iPhone.storyboard */; };
		8A3DB95F1F8AF680007EDCE1 /* main.m in Sources */ = {isa = PBXBuildFile; fileRef = 8A3DB95A1F8AF66C007EDCE1 /* main.m */; };
		8A3DB9601F8AF8EF007EDCE1 /* MFUnderlinedTextView.m in Sources */ = {isa = PBXBuildFile; fileRef = 8A3DB94E1F8AF660007EDCE1 /* MFUnderlinedTextView.m */; };
		8A3DB9641F8AFA9D007EDCE1 /* LaunchScreen.xib in Resources */ = {isa = PBXBuildFile; fileRef = 8A3DB9631F8AFA78007EDCE1 /* LaunchScreen.xib */; };
		CC2D40A5190D5D71001F0E4F /* Transform.m in Sources */ = {isa = PBXBuildFile; fileRef = CC2D40A4190D5D71001F0E4F /* Transform.m */; };
/* End PBXBuildFile section */

/* Begin PBXFileReference section */
		1005C16517C159C30054140F /* FNTextField.h */ = {isa = PBXFileReference; fileEncoding = 4; lastKnownFileType = sourcecode.c.h; path = FNTextField.h; sourceTree = "<group>"; };
		1005C16617C159C30054140F /* FNTextField.m */ = {isa = PBXFileReference; fileEncoding = 4; lastKnownFileType = sourcecode.c.objc; path = FNTextField.m; sourceTree = "<group>"; };
		10CCDFF717BEE87500DE1136 /* iAd.framework */ = {isa = PBXFileReference; lastKnownFileType = wrapper.framework; name = iAd.framework; path = System/Library/Frameworks/iAd.framework; sourceTree = SDKROOT; };
		10E4AE5D16E8F91B00C0311F /* FrenchNumber.app */ = {isa = PBXFileReference; explicitFileType = wrapper.application; includeInIndex = 0; path = FrenchNumber.app; sourceTree = BUILT_PRODUCTS_DIR; };
		10E4AE6016E8F91B00C0311F /* UIKit.framework */ = {isa = PBXFileReference; lastKnownFileType = wrapper.framework; name = UIKit.framework; path = System/Library/Frameworks/UIKit.framework; sourceTree = SDKROOT; };
		10E4AE6216E8F91B00C0311F /* Foundation.framework */ = {isa = PBXFileReference; lastKnownFileType = wrapper.framework; name = Foundation.framework; path = System/Library/Frameworks/Foundation.framework; sourceTree = SDKROOT; };
		10E4AE6416E8F91B00C0311F /* CoreGraphics.framework */ = {isa = PBXFileReference; lastKnownFileType = wrapper.framework; name = CoreGraphics.framework; path = System/Library/Frameworks/CoreGraphics.framework; sourceTree = SDKROOT; };
		10E4AE6F16E8F91B00C0311F /* FNAppDelegate.h */ = {isa = PBXFileReference; lastKnownFileType = sourcecode.c.h; path = FNAppDelegate.h; sourceTree = "<group>"; };
		10E4AE7016E8F91B00C0311F /* FNAppDelegate.m */ = {isa = PBXFileReference; lastKnownFileType = sourcecode.c.objc; path = FNAppDelegate.m; sourceTree = "<group>"; };
		10E4AE7E16E8F91B00C0311F /* FNViewController.h */ = {isa = PBXFileReference; lastKnownFileType = sourcecode.c.h; path = FNViewController.h; sourceTree = "<group>"; };
		10E4AE7F16E8F91B00C0311F /* FNViewController.m */ = {isa = PBXFileReference; lastKnownFileType = sourcecode.c.objc; path = FNViewController.m; sourceTree = "<group>"; };
		10FC4EC2170DB79200291762 /* QuartzCore.framework */ = {isa = PBXFileReference; lastKnownFileType = wrapper.framework; name = QuartzCore.framework; path = System/Library/Frameworks/QuartzCore.framework; sourceTree = SDKROOT; };
		8A3DB94D1F8AF660007EDCE1 /* MFUnderlinedTextView.h */ = {isa = PBXFileReference; lastKnownFileType = sourcecode.c.h; path = MFUnderlinedTextView.h; sourceTree = "<group>"; };
		8A3DB94E1F8AF660007EDCE1 /* MFUnderlinedTextView.m */ = {isa = PBXFileReference; lastKnownFileType = sourcecode.c.objc; path = MFUnderlinedTextView.m; sourceTree = "<group>"; };
		8A3DB9501F8AF66C007EDCE1 /* Images.xcassets */ = {isa = PBXFileReference; lastKnownFileType = folder.assetcatalog; path = Images.xcassets; sourceTree = "<group>"; };
		8A3DB9531F8AF66C007EDCE1 /* en */ = {isa = PBXFileReference; lastKnownFileType = text.plist.strings; name = en; path = en.lproj/InfoPlist.strings; sourceTree = "<group>"; };
		8A3DB9571F8AF66C007EDCE1 /* en */ = {isa = PBXFileReference; lastKnownFileType = file.storyboard; name = en; path = en.lproj/MainStoryboard_iPhone.storyboard; sourceTree = "<group>"; };
		8A3DB9581F8AF66C007EDCE1 /* FrenchNumber-Info.plist */ = {isa = PBXFileReference; lastKnownFileType = text.plist.xml; path = "FrenchNumber-Info.plist"; sourceTree = "<group>"; };
		8A3DB9591F8AF66C007EDCE1 /* FrenchNumber-Prefix.pch */ = {isa = PBXFileReference; lastKnownFileType = sourcecode.c.h; path = "FrenchNumber-Prefix.pch"; sourceTree = "<group>"; };
		8A3DB95A1F8AF66C007EDCE1 /* main.m */ = {isa = PBXFileReference; lastKnownFileType = sourcecode.c.objc; path = main.m; sourceTree = "<group>"; };
		8A3DB9631F8AFA78007EDCE1 /* LaunchScreen.xib */ = {isa = PBXFileReference; lastKnownFileType = file.xib; path = LaunchScreen.xib; sourceTree = "<group>"; };
		CC2D40A3190D5D71001F0E4F /* Transform.h */ = {isa = PBXFileReference; fileEncoding = 4; lastKnownFileType = sourcecode.c.h; path = Transform.h; sourceTree = "<group>"; };
		CC2D40A4190D5D71001F0E4F /* Transform.m */ = {isa = PBXFileReference; fileEncoding = 4; lastKnownFileType = sourcecode.c.objc; path = Transform.m; sourceTree = "<group>"; };
/* End PBXFileReference section */

/* Begin PBXFrameworksBuildPhase section */
		10E4AE5A16E8F91B00C0311F /* Frameworks */ = {
			isa = PBXFrameworksBuildPhase;
			buildActionMask = 2147483647;
			files = (
				10CCDFF817BEE87500DE1136 /* iAd.framework in Frameworks */,
				10FC4EC3170DB79200291762 /* QuartzCore.framework in Frameworks */,
				10E4AE6116E8F91B00C0311F /* UIKit.framework in Frameworks */,
				10E4AE6316E8F91B00C0311F /* Foundation.framework in Frameworks */,
				10E4AE6516E8F91B00C0311F /* CoreGraphics.framework in Frameworks */,
			);
			runOnlyForDeploymentPostprocessing = 0;
		};
/* End PBXFrameworksBuildPhase section */

/* Begin PBXGroup section */
		10E4AE5416E8F91A00C0311F = {
			isa = PBXGroup;
			children = (
				10E4AE6616E8F91B00C0311F /* FrenchNumber */,
				8A3DB94F1F8AF66C007EDCE1 /* Resources */,
				8A3DB9511F8AF66C007EDCE1 /* Supporting Files */,
				10E4AE5F16E8F91B00C0311F /* Frameworks */,
				10E4AE5E16E8F91B00C0311F /* Products */,
			);
			sourceTree = "<group>";
		};
		10E4AE5E16E8F91B00C0311F /* Products */ = {
			isa = PBXGroup;
			children = (
				10E4AE5D16E8F91B00C0311F /* FrenchNumber.app */,
			);
			name = Products;
			sourceTree = "<group>";
		};
		10E4AE5F16E8F91B00C0311F /* Frameworks */ = {
			isa = PBXGroup;
			children = (
				10CCDFF717BEE87500DE1136 /* iAd.framework */,
				10E4AE6416E8F91B00C0311F /* CoreGraphics.framework */,
				10E4AE6216E8F91B00C0311F /* Foundation.framework */,
				10FC4EC2170DB79200291762 /* QuartzCore.framework */,
				10E4AE6016E8F91B00C0311F /* UIKit.framework */,
			);
			name = Frameworks;
			sourceTree = "<group>";
		};
		10E4AE6616E8F91B00C0311F /* FrenchNumber */ = {
			isa = PBXGroup;
			children = (
				8A3DB94B1F8AF660007EDCE1 /* ThirdParty */,
				CC2D40A3190D5D71001F0E4F /* Transform.h */,
				CC2D40A4190D5D71001F0E4F /* Transform.m */,
				10E4AE6F16E8F91B00C0311F /* FNAppDelegate.h */,
				10E4AE7016E8F91B00C0311F /* FNAppDelegate.m */,
				1005C16517C159C30054140F /* FNTextField.h */,
				1005C16617C159C30054140F /* FNTextField.m */,
				10E4AE7E16E8F91B00C0311F /* FNViewController.h */,
				10E4AE7F16E8F91B00C0311F /* FNViewController.m */,
			);
			path = FrenchNumber;
			sourceTree = "<group>";
		};
		8A3DB94B1F8AF660007EDCE1 /* ThirdParty */ = {
			isa = PBXGroup;
			children = (
				8A3DB94C1F8AF660007EDCE1 /* MFUnderlinedTextView */,
			);
			path = ThirdParty;
			sourceTree = "<group>";
		};
		8A3DB94C1F8AF660007EDCE1 /* MFUnderlinedTextView */ = {
			isa = PBXGroup;
			children = (
				8A3DB94D1F8AF660007EDCE1 /* MFUnderlinedTextView.h */,
				8A3DB94E1F8AF660007EDCE1 /* MFUnderlinedTextView.m */,
			);
			path = MFUnderlinedTextView;
			sourceTree = "<group>";
		};
		8A3DB94F1F8AF66C007EDCE1 /* Resources */ = {
			isa = PBXGroup;
			children = (
				8A3DB9501F8AF66C007EDCE1 /* Images.xcassets */,
			);
			path = Resources;
			sourceTree = "<group>";
		};
		8A3DB9511F8AF66C007EDCE1 /* Supporting Files */ = {
			isa = PBXGroup;
			children = (
				8A3DB9631F8AFA78007EDCE1 /* LaunchScreen.xib */,
				8A3DB9581F8AF66C007EDCE1 /* FrenchNumber-Info.plist */,
				8A3DB9591F8AF66C007EDCE1 /* FrenchNumber-Prefix.pch */,
				8A3DB9521F8AF66C007EDCE1 /* InfoPlist.strings */,
				8A3DB95A1F8AF66C007EDCE1 /* main.m */,
				8A3DB9561F8AF66C007EDCE1 /* MainStoryboard_iPhone.storyboard */,
			);
			path = "Supporting Files";
			sourceTree = "<group>";
		};
/* End PBXGroup section */

/* Begin PBXNativeTarget section */
		10E4AE5C16E8F91B00C0311F /* FrenchNumber */ = {
			isa = PBXNativeTarget;
			buildConfigurationList = 10E4AE9816E8F91B00C0311F /* Build configuration list for PBXNativeTarget "FrenchNumber" */;
			buildPhases = (
				10E4AE5916E8F91B00C0311F /* Sources */,
				10E4AE5A16E8F91B00C0311F /* Frameworks */,
				10E4AE5B16E8F91B00C0311F /* Resources */,
			);
			buildRules = (
			);
			dependencies = (
			);
			name = FrenchNumber;
			productName = FrenchNumber;
			productReference = 10E4AE5D16E8F91B00C0311F /* FrenchNumber.app */;
			productType = "com.apple.product-type.application";
		};
/* End PBXNativeTarget section */

/* Begin PBXProject section */
		10E4AE5516E8F91B00C0311F /* Project object */ = {
			isa = PBXProject;
			attributes = {
				LastTestingUpgradeCheck = 0510;
				LastUpgradeCheck = 0900;
				ORGANIZATIONNAME = Coco;
			};
			buildConfigurationList = 10E4AE5816E8F91B00C0311F /* Build configuration list for PBXProject "FrenchNumber" */;
			compatibilityVersion = "Xcode 3.2";
			developmentRegion = English;
			hasScannedForEncodings = 0;
			knownRegions = (
				en,
			);
			mainGroup = 10E4AE5416E8F91A00C0311F;
			productRefGroup = 10E4AE5E16E8F91B00C0311F /* Products */;
			projectDirPath = "";
			projectRoot = "";
			targets = (
				10E4AE5C16E8F91B00C0311F /* FrenchNumber */,
			);
		};
/* End PBXProject section */

/* Begin PBXResourcesBuildPhase section */
		10E4AE5B16E8F91B00C0311F /* Resources */ = {
			isa = PBXResourcesBuildPhase;
			buildActionMask = 2147483647;
			files = (
				8A3DB95E1F8AF67C007EDCE1 /* MainStoryboard_iPhone.storyboard in Resources */,
				8A3DB95B1F8AF676007EDCE1 /* Images.xcassets in Resources */,
				8A3DB95C1F8AF679007EDCE1 /* InfoPlist.strings in Resources */,
				8A3DB9641F8AFA9D007EDCE1 /* LaunchScreen.xib in Resources */,
			);
			runOnlyForDeploymentPostprocessing = 0;
		};
/* End PBXResourcesBuildPhase section */

/* Begin PBXSourcesBuildPhase section */
		10E4AE5916E8F91B00C0311F /* Sources */ = {
			isa = PBXSourcesBuildPhase;
			buildActionMask = 2147483647;
			files = (
				8A3DB9601F8AF8EF007EDCE1 /* MFUnderlinedTextView.m in Sources */,
				8A3DB95F1F8AF680007EDCE1 /* main.m in Sources */,
				CC2D40A5190D5D71001F0E4F /* Transform.m in Sources */,
				10E4AE7116E8F91B00C0311F /* FNAppDelegate.m in Sources */,
				10E4AE8016E8F91B00C0311F /* FNViewController.m in Sources */,
				1005C16717C159C30054140F /* FNTextField.m in Sources */,
			);
			runOnlyForDeploymentPostprocessing = 0;
		};
/* End PBXSourcesBuildPhase section */

/* Begin PBXVariantGroup section */
		8A3DB9521F8AF66C007EDCE1 /* InfoPlist.strings */ = {
			isa = PBXVariantGroup;
			children = (
				8A3DB9531F8AF66C007EDCE1 /* en */,
			);
			name = InfoPlist.strings;
			sourceTree = "<group>";
		};
		8A3DB9561F8AF66C007EDCE1 /* MainStoryboard_iPhone.storyboard */ = {
			isa = PBXVariantGroup;
			children = (
				8A3DB9571F8AF66C007EDCE1 /* en */,
			);
			name = MainStoryboard_iPhone.storyboard;
			sourceTree = "<group>";
		};
/* End PBXVariantGroup section */

/* Begin XCBuildConfiguration section */
		10E4AE9616E8F91B00C0311F /* Debug */ = {
			isa = XCBuildConfiguration;
			buildSettings = {
				ALWAYS_SEARCH_USER_PATHS = NO;
				CLANG_CXX_LANGUAGE_STANDARD = "gnu++0x";
				CLANG_CXX_LIBRARY = "libc++";
				CLANG_WARN_BLOCK_CAPTURE_AUTORELEASING = YES;
				CLANG_WARN_BOOL_CONVERSION = YES;
				CLANG_WARN_COMMA = YES;
				CLANG_WARN_CONSTANT_CONVERSION = YES;
				CLANG_WARN_EMPTY_BODY = YES;
				CLANG_WARN_ENUM_CONVERSION = YES;
				CLANG_WARN_INFINITE_RECURSION = YES;
				CLANG_WARN_INT_CONVERSION = YES;
				CLANG_WARN_NON_LITERAL_NULL_CONVERSION = YES;
				CLANG_WARN_OBJC_LITERAL_CONVERSION = YES;
				CLANG_WARN_RANGE_LOOP_ANALYSIS = YES;
				CLANG_WARN_STRICT_PROTOTYPES = YES;
				CLANG_WARN_SUSPICIOUS_MOVE = YES;
				CLANG_WARN_UNREACHABLE_CODE = YES;
				CLANG_WARN__DUPLICATE_METHOD_MATCH = YES;
				CODE_SIGN_IDENTITY = "iPhone Developer";
				COPY_PHASE_STRIP = NO;
				ENABLE_STRICT_OBJC_MSGSEND = YES;
				ENABLE_TESTABILITY = YES;
				GCC_C_LANGUAGE_STANDARD = gnu99;
				GCC_DYNAMIC_NO_PIC = NO;
				GCC_NO_COMMON_BLOCKS = YES;
				GCC_OPTIMIZATION_LEVEL = 0;
				GCC_PREPROCESSOR_DEFINITIONS = (
					"DEBUG=1",
					"$(inherited)",
				);
				GCC_SYMBOLS_PRIVATE_EXTERN = NO;
				GCC_WARN_64_TO_32_BIT_CONVERSION = YES;
				GCC_WARN_ABOUT_RETURN_TYPE = YES;
				GCC_WARN_UNDECLARED_SELECTOR = YES;
				GCC_WARN_UNINITIALIZED_AUTOS = YES;
				GCC_WARN_UNUSED_FUNCTION = YES;
				GCC_WARN_UNUSED_VARIABLE = YES;
				IPHONEOS_DEPLOYMENT_TARGET = 9.0;
				ONLY_ACTIVE_ARCH = YES;
				SDKROOT = iphoneos;
				TARGETED_DEVICE_FAMILY = 1;
			};
			name = Debug;
		};
		10E4AE9716E8F91B00C0311F /* Release */ = {
			isa = XCBuildConfiguration;
			buildSettings = {
				ALWAYS_SEARCH_USER_PATHS = NO;
				CLANG_CXX_LANGUAGE_STANDARD = "gnu++0x";
				CLANG_CXX_LIBRARY = "libc++";
				CLANG_WARN_BLOCK_CAPTURE_AUTORELEASING = YES;
				CLANG_WARN_BOOL_CONVERSION = YES;
				CLANG_WARN_COMMA = YES;
				CLANG_WARN_CONSTANT_CONVERSION = YES;
				CLANG_WARN_EMPTY_BODY = YES;
				CLANG_WARN_ENUM_CONVERSION = YES;
				CLANG_WARN_INFINITE_RECURSION = YES;
				CLANG_WARN_INT_CONVERSION = YES;
				CLANG_WARN_NON_LITERAL_NULL_CONVERSION = YES;
				CLANG_WARN_OBJC_LITERAL_CONVERSION = YES;
				CLANG_WARN_RANGE_LOOP_ANALYSIS = YES;
				CLANG_WARN_STRICT_PROTOTYPES = YES;
				CLANG_WARN_SUSPICIOUS_MOVE = YES;
				CLANG_WARN_UNREACHABLE_CODE = YES;
				CLANG_WARN__DUPLICATE_METHOD_MATCH = YES;
				CODE_SIGN_IDENTITY = "iPhone Developer";
				COPY_PHASE_STRIP = YES;
				ENABLE_STRICT_OBJC_MSGSEND = YES;
				GCC_C_LANGUAGE_STANDARD = gnu99;
				GCC_NO_COMMON_BLOCKS = YES;
				GCC_WARN_64_TO_32_BIT_CONVERSION = YES;
				GCC_WARN_ABOUT_RETURN_TYPE = YES;
				GCC_WARN_UNDECLARED_SELECTOR = YES;
				GCC_WARN_UNINITIALIZED_AUTOS = YES;
				GCC_WARN_UNUSED_FUNCTION = YES;
				GCC_WARN_UNUSED_VARIABLE = YES;
				IPHONEOS_DEPLOYMENT_TARGET = 9.0;
				OTHER_CFLAGS = "-DNS_BLOCK_ASSERTIONS=1";
				SDKROOT = iphoneos;
				TARGETED_DEVICE_FAMILY = 1;
			};
			name = Release;
		};
		10E4AE9916E8F91B00C0311F /* Debug */ = {
			isa = XCBuildConfiguration;
			buildSettings = {
				ASSETCATALOG_COMPILER_APPICON_NAME = AppIcon;
				ASSETCATALOG_COMPILER_LAUNCHIMAGE_NAME = LaunchImage;
				GCC_PRECOMPILE_PREFIX_HEADER = YES;
				GCC_PREFIX_HEADER = "Supporting Files/FrenchNumber-Prefix.pch";
				INFOPLIST_FILE = "Supporting Files/FrenchNumber-Info.plist";
				PRODUCT_BUNDLE_IDENTIFIER = "coco.${PRODUCT_NAME:rfc1034identifier}";
				PRODUCT_NAME = "$(TARGET_NAME)";
				WRAPPER_EXTENSION = app;
			};
			name = Debug;
		};
		10E4AE9A16E8F91B00C0311F /* Release */ = {
			isa = XCBuildConfiguration;
			buildSettings = {
				ASSETCATALOG_COMPILER_APPICON_NAME = AppIcon;
				ASSETCATALOG_COMPILER_LAUNCHIMAGE_NAME = LaunchImage;
				GCC_PRECOMPILE_PREFIX_HEADER = YES;
				GCC_PREFIX_HEADER = "Supporting Files/FrenchNumber-Prefix.pch";
				INFOPLIST_FILE = "Supporting Files/FrenchNumber-Info.plist";
				PRODUCT_BUNDLE_IDENTIFIER = "coco.${PRODUCT_NAME:rfc1034identifier}";
				PRODUCT_NAME = "$(TARGET_NAME)";
				WRAPPER_EXTENSION = app;
			};
			name = Release;
		};
/* End XCBuildConfiguration section */

/* Begin XCConfigurationList section */
		10E4AE5816E8F91B00C0311F /* Build configuration list for PBXProject "FrenchNumber" */ = {
			isa = XCConfigurationList;
			buildConfigurations = (
				10E4AE9616E8F91B00C0311F /* Debug */,
				10E4AE9716E8F91B00C0311F /* Release */,
			);
			defaultConfigurationIsVisible = 0;
			defaultConfigurationName = Release;
		};
		10E4AE9816E8F91B00C0311F /* Build configuration list for PBXNativeTarget "FrenchNumber" */ = {
			isa = XCConfigurationList;
			buildConfigurations = (
				10E4AE9916E8F91B00C0311F /* Debug */,
				10E4AE9A16E8F91B00C0311F /* Release */,
			);
			defaultConfigurationIsVisible = 0;
			defaultConfigurationName = Release;
		};
/* End XCConfigurationList section */
	};
	rootObject = 10E4AE5516E8F91B00C0311F /* Project object */;
}
